{
  "name": "cdkapp",
  "version": "0.1.0",
  "lockfileVersion": 1,
  "requires": true,
  "dependencies": {
    "@aws-cdk/assert": {
      "version": "1.102.0",
      "resolved": "https://registry.npmjs.org/@aws-cdk/assert/-/assert-1.102.0.tgz",
      "integrity": "sha512-/NWjkg1ULpoUzEnIoxDjWverPbLx112UMydEDq3dwadxlsCQTijbIqot+oDWfmeDpmLOLTdLa5BROVm6mpbirQ==",
      "dev": true,
      "requires": {
        "@aws-cdk/cloudformation-diff": "1.102.0",
        "@aws-cdk/core": "1.102.0",
        "@aws-cdk/cx-api": "1.102.0",
        "constructs": "^3.3.69"
      }
    },
    "@aws-cdk/assets": {
      "version": "1.102.0",
      "resolved": "https://registry.npmjs.org/@aws-cdk/assets/-/assets-1.102.0.tgz",
      "integrity": "sha512-vmbEeHIIWTJT2KPl17afHN5aBIcstQbYlnMDF2BhUJ2famiIcadh2lWnH+BVDWfI4HoOhO68te2MhmW12VIYyg==",
      "requires": {
        "@aws-cdk/core": "1.102.0",
        "@aws-cdk/cx-api": "1.102.0",
        "constructs": "^3.3.69"
      }
    },
    "@aws-cdk/aws-apigateway": {
      "version": "1.102.0",
      "resolved": "https://registry.npmjs.org/@aws-cdk/aws-apigateway/-/aws-apigateway-1.102.0.tgz",
      "integrity": "sha512-SVVN8qpGEhv8TJJIPolWz8PLI5XPUOPncNpZMmy1v6yz0CDIAFMX9VytchDZZoLLu1BiIVE609nWbSoRPKERAQ==",
      "requires": {
        "@aws-cdk/aws-certificatemanager": "1.102.0",
        "@aws-cdk/aws-cloudwatch": "1.102.0",
        "@aws-cdk/aws-cognito": "1.102.0",
        "@aws-cdk/aws-ec2": "1.102.0",
        "@aws-cdk/aws-elasticloadbalancingv2": "1.102.0",
        "@aws-cdk/aws-iam": "1.102.0",
        "@aws-cdk/aws-lambda": "1.102.0",
        "@aws-cdk/aws-logs": "1.102.0",
        "@aws-cdk/aws-s3": "1.102.0",
        "@aws-cdk/aws-s3-assets": "1.102.0",
        "@aws-cdk/core": "1.102.0",
        "@aws-cdk/cx-api": "1.102.0",
        "constructs": "^3.3.69"
      }
    },
    "@aws-cdk/aws-applicationautoscaling": {
      "version": "1.102.0",
      "resolved": "https://registry.npmjs.org/@aws-cdk/aws-applicationautoscaling/-/aws-applicationautoscaling-1.102.0.tgz",
      "integrity": "sha512-eTfuaWkMcjkVLGsXQ1kRdHS7+6msb+mwU2A8b8rfdbGFUlb70M6LjpVFEYwxdb7vdsMkxOiRZWO001+fZCO6LA==",
      "requires": {
        "@aws-cdk/aws-autoscaling-common": "1.102.0",
        "@aws-cdk/aws-cloudwatch": "1.102.0",
        "@aws-cdk/aws-iam": "1.102.0",
        "@aws-cdk/core": "1.102.0",
        "constructs": "^3.3.69"
      }
    },
    "@aws-cdk/aws-autoscaling": {
      "version": "1.102.0",
      "resolved": "https://registry.npmjs.org/@aws-cdk/aws-autoscaling/-/aws-autoscaling-1.102.0.tgz",
      "integrity": "sha512-SAze8N3uRMqU09edsZ47ClWsPosGqz66NMbvhoefURlQELD3nxhoD/hpZrHkZx25Agghg7xLjJywF62izDRnLQ==",
      "requires": {
        "@aws-cdk/aws-autoscaling-common": "1.102.0",
        "@aws-cdk/aws-cloudwatch": "1.102.0",
        "@aws-cdk/aws-ec2": "1.102.0",
        "@aws-cdk/aws-elasticloadbalancing": "1.102.0",
        "@aws-cdk/aws-elasticloadbalancingv2": "1.102.0",
        "@aws-cdk/aws-iam": "1.102.0",
        "@aws-cdk/aws-sns": "1.102.0",
        "@aws-cdk/core": "1.102.0",
        "constructs": "^3.3.69"
      }
    },
    "@aws-cdk/aws-autoscaling-common": {
      "version": "1.102.0",
      "resolved": "https://registry.npmjs.org/@aws-cdk/aws-autoscaling-common/-/aws-autoscaling-common-1.102.0.tgz",
      "integrity": "sha512-y6b7ex4b7++Zey9rDEjZCgpSxz7OfAa/H7A2iXS7HDSYUvUyOaKEj1dsDZ5h9zzS60xe9dPOMTJNJgXF3z4eRw==",
      "requires": {
        "@aws-cdk/aws-iam": "1.102.0",
        "@aws-cdk/core": "1.102.0",
        "constructs": "^3.3.69"
      }
    },
    "@aws-cdk/aws-autoscaling-hooktargets": {
      "version": "1.102.0",
      "resolved": "https://registry.npmjs.org/@aws-cdk/aws-autoscaling-hooktargets/-/aws-autoscaling-hooktargets-1.102.0.tgz",
      "integrity": "sha512-hmRtHeNl6lef92CI9Uo5EQZKMQES8jEX9jsdFtynTKN5+DbaiOqYdfbKERfPd++6ebM5lU44Xjgiz6bNF9EbRg==",
      "requires": {
        "@aws-cdk/aws-autoscaling": "1.102.0",
        "@aws-cdk/aws-iam": "1.102.0",
        "@aws-cdk/aws-kms": "1.102.0",
        "@aws-cdk/aws-lambda": "1.102.0",
        "@aws-cdk/aws-sns": "1.102.0",
        "@aws-cdk/aws-sns-subscriptions": "1.102.0",
        "@aws-cdk/aws-sqs": "1.102.0",
        "@aws-cdk/core": "1.102.0",
        "constructs": "^3.3.69"
      }
    },
    "@aws-cdk/aws-batch": {
      "version": "1.102.0",
      "resolved": "https://registry.npmjs.org/@aws-cdk/aws-batch/-/aws-batch-1.102.0.tgz",
      "integrity": "sha512-56458EXdCjvkwL2f2SDNqKeiYdZWF2nPomNaHFGAbMpqB5nWb3t8SKluuoGGiO8txCGg+QdwJhkcWmrTFEfmSw==",
      "requires": {
        "@aws-cdk/aws-ec2": "1.102.0",
        "@aws-cdk/aws-ecr": "1.102.0",
        "@aws-cdk/aws-ecs": "1.102.0",
        "@aws-cdk/aws-iam": "1.102.0",
        "@aws-cdk/aws-secretsmanager": "1.102.0",
        "@aws-cdk/aws-ssm": "1.102.0",
        "@aws-cdk/core": "1.102.0",
        "constructs": "^3.3.69"
      }
    },
    "@aws-cdk/aws-certificatemanager": {
      "version": "1.102.0",
      "resolved": "https://registry.npmjs.org/@aws-cdk/aws-certificatemanager/-/aws-certificatemanager-1.102.0.tgz",
      "integrity": "sha512-eDom3dn+kXa8VQm/cdRfR/hEbgO3p5e0mwy/v5V4ytPVtjlMyulTq5Elg3rXqmjHLh2AsRsR8rbgwmlYIbKReg==",
      "requires": {
        "@aws-cdk/aws-iam": "1.102.0",
        "@aws-cdk/aws-lambda": "1.102.0",
        "@aws-cdk/aws-route53": "1.102.0",
        "@aws-cdk/core": "1.102.0",
        "constructs": "^3.3.69"
      }
    },
    "@aws-cdk/aws-cloudformation": {
      "version": "1.102.0",
      "resolved": "https://registry.npmjs.org/@aws-cdk/aws-cloudformation/-/aws-cloudformation-1.102.0.tgz",
      "integrity": "sha512-7gM98SOquS31IBCuC8QZsr3vtCGcW/qZeMMzWQ73/zNaNtvha8dF/etQCsFINyJw7fQHpMbKyCB5TYoeHftW8Q==",
      "requires": {
        "@aws-cdk/aws-iam": "1.102.0",
        "@aws-cdk/aws-lambda": "1.102.0",
        "@aws-cdk/aws-s3": "1.102.0",
        "@aws-cdk/aws-sns": "1.102.0",
        "@aws-cdk/core": "1.102.0",
        "@aws-cdk/cx-api": "1.102.0",
        "constructs": "^3.3.69"
      }
    },
    "@aws-cdk/aws-cloudfront": {
      "version": "1.102.0",
      "resolved": "https://registry.npmjs.org/@aws-cdk/aws-cloudfront/-/aws-cloudfront-1.102.0.tgz",
      "integrity": "sha512-tUMdDseKX8WqYA5cu2gg7/7Ye4aZzMBLCv4gTQ4VukB7kCsQeaEyP3q8Ckaa389ogWwPk0OHqP8OVvgiQZ3VBQ==",
      "requires": {
        "@aws-cdk/aws-certificatemanager": "1.102.0",
        "@aws-cdk/aws-cloudwatch": "1.102.0",
        "@aws-cdk/aws-ec2": "1.102.0",
        "@aws-cdk/aws-iam": "1.102.0",
        "@aws-cdk/aws-kms": "1.102.0",
        "@aws-cdk/aws-lambda": "1.102.0",
        "@aws-cdk/aws-s3": "1.102.0",
        "@aws-cdk/aws-ssm": "1.102.0",
        "@aws-cdk/core": "1.102.0",
        "constructs": "^3.3.69"
      }
    },
    "@aws-cdk/aws-cloudwatch": {
      "version": "1.102.0",
      "resolved": "https://registry.npmjs.org/@aws-cdk/aws-cloudwatch/-/aws-cloudwatch-1.102.0.tgz",
      "integrity": "sha512-cwscvV1sgn+LhaGSz5vKXrivKBSY4EcQbUwWPUeuk/X0Wk3vkoLmgY0ma5hNgNuXJAoha6V/GzJgXdNKXLofdw==",
      "requires": {
        "@aws-cdk/aws-iam": "1.102.0",
        "@aws-cdk/core": "1.102.0",
        "constructs": "^3.3.69"
      }
    },
    "@aws-cdk/aws-codebuild": {
      "version": "1.102.0",
      "resolved": "https://registry.npmjs.org/@aws-cdk/aws-codebuild/-/aws-codebuild-1.102.0.tgz",
      "integrity": "sha512-GeGGrzotSLkGEeXSP6OpiO1YvGT1AuQuek16TyMkS2XhglrxrCI0UsIe9UpAivZ9VMVdNFci5zWlCpGAEGM6NQ==",
      "requires": {
        "@aws-cdk/aws-cloudwatch": "1.102.0",
        "@aws-cdk/aws-codecommit": "1.102.0",
        "@aws-cdk/aws-ec2": "1.102.0",
        "@aws-cdk/aws-ecr": "1.102.0",
        "@aws-cdk/aws-ecr-assets": "1.102.0",
        "@aws-cdk/aws-events": "1.102.0",
        "@aws-cdk/aws-iam": "1.102.0",
        "@aws-cdk/aws-kms": "1.102.0",
        "@aws-cdk/aws-logs": "1.102.0",
        "@aws-cdk/aws-s3": "1.102.0",
        "@aws-cdk/aws-s3-assets": "1.102.0",
        "@aws-cdk/aws-secretsmanager": "1.102.0",
        "@aws-cdk/core": "1.102.0",
        "@aws-cdk/region-info": "1.102.0",
        "constructs": "^3.3.69",
        "yaml": "1.10.2"
      },
      "dependencies": {
        "yaml": {
          "version": "1.10.2",
          "bundled": true
        }
      }
    },
    "@aws-cdk/aws-codecommit": {
      "version": "1.102.0",
      "resolved": "https://registry.npmjs.org/@aws-cdk/aws-codecommit/-/aws-codecommit-1.102.0.tgz",
      "integrity": "sha512-a9+bDc4pUH06e+qwoxsmMfZSu6ToosHDuZSSAY9Im6kZ+kUYHlULkYVz7aWoaZIR/gFcF0d85nKSli2xkVCrsA==",
      "requires": {
        "@aws-cdk/aws-events": "1.102.0",
        "@aws-cdk/aws-iam": "1.102.0",
        "@aws-cdk/core": "1.102.0",
        "constructs": "^3.3.69"
      }
    },
    "@aws-cdk/aws-codeguruprofiler": {
      "version": "1.102.0",
      "resolved": "https://registry.npmjs.org/@aws-cdk/aws-codeguruprofiler/-/aws-codeguruprofiler-1.102.0.tgz",
      "integrity": "sha512-gfwz+IGbeWX0FTj5SgmwqWzb8+VckD6XAhpjBnPKXsjMU3OLST/L6/E/UIt+MHyCvGcmhjX4niSWF8viLxzCvg==",
      "requires": {
        "@aws-cdk/aws-iam": "1.102.0",
        "@aws-cdk/core": "1.102.0",
        "constructs": "^3.3.69"
      }
    },
    "@aws-cdk/aws-codepipeline": {
      "version": "1.102.0",
      "resolved": "https://registry.npmjs.org/@aws-cdk/aws-codepipeline/-/aws-codepipeline-1.102.0.tgz",
      "integrity": "sha512-RZSyG4pwwIT0qtwN1WBRiQu6ZIE4fzADucK+X5SC208FMzYP1Nm05nkfYCklG4OAmffpBfIC9nRkao/LntNYdQ==",
      "requires": {
        "@aws-cdk/aws-events": "1.102.0",
        "@aws-cdk/aws-iam": "1.102.0",
        "@aws-cdk/aws-kms": "1.102.0",
        "@aws-cdk/aws-s3": "1.102.0",
        "@aws-cdk/core": "1.102.0",
        "constructs": "^3.3.69"
      }
    },
    "@aws-cdk/aws-cognito": {
      "version": "1.102.0",
      "resolved": "https://registry.npmjs.org/@aws-cdk/aws-cognito/-/aws-cognito-1.102.0.tgz",
      "integrity": "sha512-seV4WssRt48yFsqFSsAPPWI0tw6FflEWso2pQb4auKG91GHO61kZjzRz6czY6x+oS8qoxTjviBcfO3En+/AIEQ==",
      "requires": {
        "@aws-cdk/aws-certificatemanager": "1.102.0",
        "@aws-cdk/aws-iam": "1.102.0",
        "@aws-cdk/aws-lambda": "1.102.0",
        "@aws-cdk/core": "1.102.0",
        "@aws-cdk/custom-resources": "1.102.0",
        "constructs": "^3.3.69",
        "punycode": "^2.1.1"
      },
      "dependencies": {
        "punycode": {
          "version": "2.1.1",
          "bundled": true
        }
      }
    },
    "@aws-cdk/aws-ec2": {
      "version": "1.102.0",
      "resolved": "https://registry.npmjs.org/@aws-cdk/aws-ec2/-/aws-ec2-1.102.0.tgz",
      "integrity": "sha512-2tS3uXOVohHaDXBl/hvzl6n3iPoB3//hJhCW+BV9x6GOPHHyHT4otGi8l9JrgNwQ/w0QyZ3TbNwbqCvuK2KFmA==",
      "requires": {
        "@aws-cdk/aws-cloudwatch": "1.102.0",
        "@aws-cdk/aws-iam": "1.102.0",
        "@aws-cdk/aws-kms": "1.102.0",
        "@aws-cdk/aws-logs": "1.102.0",
        "@aws-cdk/aws-s3": "1.102.0",
        "@aws-cdk/aws-s3-assets": "1.102.0",
        "@aws-cdk/aws-ssm": "1.102.0",
        "@aws-cdk/cloud-assembly-schema": "1.102.0",
        "@aws-cdk/core": "1.102.0",
        "@aws-cdk/cx-api": "1.102.0",
        "@aws-cdk/region-info": "1.102.0",
        "constructs": "^3.3.69"
      }
    },
    "@aws-cdk/aws-ecr": {
      "version": "1.102.0",
      "resolved": "https://registry.npmjs.org/@aws-cdk/aws-ecr/-/aws-ecr-1.102.0.tgz",
      "integrity": "sha512-BCIkcoYT+4wm5rP+6Y/Kz5/8vu6qC+JM8JM9ei0alc68cima0SrLBGzo6LpxgT0yhloKsG5t6RAq+qwiO/wydQ==",
      "requires": {
        "@aws-cdk/aws-events": "1.102.0",
        "@aws-cdk/aws-iam": "1.102.0",
        "@aws-cdk/core": "1.102.0",
        "constructs": "^3.3.69"
      }
    },
    "@aws-cdk/aws-ecr-assets": {
      "version": "1.102.0",
      "resolved": "https://registry.npmjs.org/@aws-cdk/aws-ecr-assets/-/aws-ecr-assets-1.102.0.tgz",
      "integrity": "sha512-EPzODg22gZzD3KV4ejUlwBKBuzBTMrzvp/dbtxcPgV3Q6hr2fpgpIdKuwDbGoOzlbBxtSEN0U/Ll7k8md7Fl/w==",
      "requires": {
        "@aws-cdk/assets": "1.102.0",
        "@aws-cdk/aws-ecr": "1.102.0",
        "@aws-cdk/aws-iam": "1.102.0",
        "@aws-cdk/aws-s3": "1.102.0",
        "@aws-cdk/core": "1.102.0",
        "@aws-cdk/cx-api": "1.102.0",
        "constructs": "^3.3.69",
        "minimatch": "^3.0.4"
      },
      "dependencies": {
        "balanced-match": {
          "version": "1.0.0",
          "bundled": true
        },
        "brace-expansion": {
          "version": "1.1.11",
          "bundled": true,
          "requires": {
            "balanced-match": "^1.0.0",
            "concat-map": "0.0.1"
          }
        },
        "concat-map": {
          "version": "0.0.1",
          "bundled": true
        },
        "minimatch": {
          "version": "3.0.4",
          "bundled": true,
          "requires": {
            "brace-expansion": "^1.1.7"
          }
        }
      }
    },
    "@aws-cdk/aws-ecs": {
      "version": "1.102.0",
      "resolved": "https://registry.npmjs.org/@aws-cdk/aws-ecs/-/aws-ecs-1.102.0.tgz",
      "integrity": "sha512-45RzRyGj1w2PuhIA9qIJLQ6FhAMSYS+AouZDZbK14JJx7TaDlqRIXheRpoblYbKiGk58v0+O2CihOVjecvuFmg==",
      "requires": {
        "@aws-cdk/aws-applicationautoscaling": "1.102.0",
        "@aws-cdk/aws-autoscaling": "1.102.0",
        "@aws-cdk/aws-autoscaling-hooktargets": "1.102.0",
        "@aws-cdk/aws-certificatemanager": "1.102.0",
        "@aws-cdk/aws-cloudwatch": "1.102.0",
        "@aws-cdk/aws-ec2": "1.102.0",
        "@aws-cdk/aws-ecr": "1.102.0",
        "@aws-cdk/aws-ecr-assets": "1.102.0",
        "@aws-cdk/aws-elasticloadbalancing": "1.102.0",
        "@aws-cdk/aws-elasticloadbalancingv2": "1.102.0",
        "@aws-cdk/aws-iam": "1.102.0",
        "@aws-cdk/aws-kms": "1.102.0",
        "@aws-cdk/aws-lambda": "1.102.0",
        "@aws-cdk/aws-logs": "1.102.0",
        "@aws-cdk/aws-route53": "1.102.0",
        "@aws-cdk/aws-route53-targets": "1.102.0",
        "@aws-cdk/aws-s3": "1.102.0",
        "@aws-cdk/aws-s3-assets": "1.102.0",
        "@aws-cdk/aws-secretsmanager": "1.102.0",
        "@aws-cdk/aws-servicediscovery": "1.102.0",
        "@aws-cdk/aws-sns": "1.102.0",
        "@aws-cdk/aws-sqs": "1.102.0",
        "@aws-cdk/aws-ssm": "1.102.0",
        "@aws-cdk/core": "1.102.0",
        "@aws-cdk/cx-api": "1.102.0",
        "constructs": "^3.3.69"
      }
    },
    "@aws-cdk/aws-ecs-patterns": {
      "version": "1.102.0",
      "resolved": "https://registry.npmjs.org/@aws-cdk/aws-ecs-patterns/-/aws-ecs-patterns-1.102.0.tgz",
      "integrity": "sha512-j+hTBactUXb9UX6ML1TYWoKCxpF/uJfBx1EXv6M4tUcAJGM6NC6yjGVj7n23MW4wGZ4lSpJPuAiJsfZD4Yg2Rw==",
      "requires": {
        "@aws-cdk/aws-applicationautoscaling": "1.102.0",
        "@aws-cdk/aws-certificatemanager": "1.102.0",
        "@aws-cdk/aws-ec2": "1.102.0",
        "@aws-cdk/aws-ecs": "1.102.0",
        "@aws-cdk/aws-elasticloadbalancingv2": "1.102.0",
        "@aws-cdk/aws-events": "1.102.0",
        "@aws-cdk/aws-events-targets": "1.102.0",
        "@aws-cdk/aws-iam": "1.102.0",
        "@aws-cdk/aws-route53": "1.102.0",
        "@aws-cdk/aws-route53-targets": "1.102.0",
        "@aws-cdk/aws-servicediscovery": "1.102.0",
        "@aws-cdk/aws-sqs": "1.102.0",
        "@aws-cdk/core": "1.102.0",
        "@aws-cdk/cx-api": "1.102.0",
        "constructs": "^3.3.69"
      }
    },
    "@aws-cdk/aws-efs": {
      "version": "1.102.0",
      "resolved": "https://registry.npmjs.org/@aws-cdk/aws-efs/-/aws-efs-1.102.0.tgz",
      "integrity": "sha512-Pc1YPECzOXqweAcg0B9AcyLBg5SKVlmvL97XpVgKj69DbqDsGo3vVzcklDEjpBIdFjXpzDZopPG56artiu+ykw==",
      "requires": {
        "@aws-cdk/aws-ec2": "1.102.0",
        "@aws-cdk/aws-kms": "1.102.0",
        "@aws-cdk/cloud-assembly-schema": "1.102.0",
        "@aws-cdk/core": "1.102.0",
        "@aws-cdk/cx-api": "1.102.0",
        "constructs": "^3.3.69"
      }
    },
    "@aws-cdk/aws-elasticache": {
      "version": "1.102.0",
      "resolved": "https://registry.npmjs.org/@aws-cdk/aws-elasticache/-/aws-elasticache-1.102.0.tgz",
      "integrity": "sha512-iG7fZJzOyFu/bwFURCs2LhCst6U+QWzCay6UaqO4J2lX0UJftnYETAIuVaIbXhZDhY3iv+CsTlJ0qOdP0eHkTg==",
      "requires": {
        "@aws-cdk/core": "1.102.0",
        "constructs": "^3.3.69"
      }
    },
    "@aws-cdk/aws-elasticloadbalancing": {
      "version": "1.102.0",
      "resolved": "https://registry.npmjs.org/@aws-cdk/aws-elasticloadbalancing/-/aws-elasticloadbalancing-1.102.0.tgz",
      "integrity": "sha512-w6ZroNY08MZ1M5KQNgrIV6ryZeziO3Igvp2SIXssCf6HdLVzp8BhgX5ZJYzuKtTcfv0R/LoeZLVSvOoCDDKgpA==",
      "requires": {
        "@aws-cdk/aws-ec2": "1.102.0",
        "@aws-cdk/core": "1.102.0",
        "constructs": "^3.3.69"
      }
    },
    "@aws-cdk/aws-elasticloadbalancingv2": {
      "version": "1.102.0",
      "resolved": "https://registry.npmjs.org/@aws-cdk/aws-elasticloadbalancingv2/-/aws-elasticloadbalancingv2-1.102.0.tgz",
      "integrity": "sha512-+jxHic7Hm4N52TtwxNJCMJY+EtwBya4z1ZTz0Ur6DT6Bl45wLx06P8je5hmTgvufOvt8W4rpv0u3TtwQBUWFfA==",
      "requires": {
        "@aws-cdk/aws-certificatemanager": "1.102.0",
        "@aws-cdk/aws-cloudwatch": "1.102.0",
        "@aws-cdk/aws-ec2": "1.102.0",
        "@aws-cdk/aws-iam": "1.102.0",
        "@aws-cdk/aws-lambda": "1.102.0",
        "@aws-cdk/aws-s3": "1.102.0",
        "@aws-cdk/cloud-assembly-schema": "1.102.0",
        "@aws-cdk/core": "1.102.0",
        "@aws-cdk/cx-api": "1.102.0",
        "@aws-cdk/region-info": "1.102.0",
        "constructs": "^3.3.69"
      }
    },
    "@aws-cdk/aws-elasticloadbalancingv2-targets": {
      "version": "1.102.0",
      "resolved": "https://registry.npmjs.org/@aws-cdk/aws-elasticloadbalancingv2-targets/-/aws-elasticloadbalancingv2-targets-1.102.0.tgz",
      "integrity": "sha512-N11xDCvP+lFfoEh4qpavDZlsZWIqTUAM/PCur1g8nNdEUziH0O5biED/zb1QKmR/3JvbNAf3zJaBrlpi/DFwXw==",
      "requires": {
        "@aws-cdk/aws-ec2": "1.102.0",
        "@aws-cdk/aws-elasticloadbalancingv2": "1.102.0",
        "@aws-cdk/aws-iam": "1.102.0",
        "@aws-cdk/aws-lambda": "1.102.0",
        "@aws-cdk/core": "1.102.0",
        "constructs": "^3.3.69"
      }
    },
    "@aws-cdk/aws-events": {
      "version": "1.102.0",
      "resolved": "https://registry.npmjs.org/@aws-cdk/aws-events/-/aws-events-1.102.0.tgz",
      "integrity": "sha512-d5LyvkEABbNb7eYN1CycItMAR/4xBZFiX3OPKCE+gUMPGxQkIxvWgtyQMF5/i0ODvABdKaRuF7DN2a7MP3tLoA==",
      "requires": {
        "@aws-cdk/aws-iam": "1.102.0",
        "@aws-cdk/core": "1.102.0",
        "constructs": "^3.3.69"
      }
    },
    "@aws-cdk/aws-events-targets": {
      "version": "1.102.0",
      "resolved": "https://registry.npmjs.org/@aws-cdk/aws-events-targets/-/aws-events-targets-1.102.0.tgz",
      "integrity": "sha512-c/HLK9RO46OgNet1l38ALjoNRkESdVy6xHrmwigshBOvAAxKQSLVf3fZfmaQxI2WE9ZQKSY9+PDCc0fdr81I1g==",
      "requires": {
        "@aws-cdk/aws-apigateway": "1.102.0",
        "@aws-cdk/aws-batch": "1.102.0",
        "@aws-cdk/aws-codebuild": "1.102.0",
        "@aws-cdk/aws-codepipeline": "1.102.0",
        "@aws-cdk/aws-ec2": "1.102.0",
        "@aws-cdk/aws-ecs": "1.102.0",
        "@aws-cdk/aws-events": "1.102.0",
        "@aws-cdk/aws-iam": "1.102.0",
        "@aws-cdk/aws-kinesis": "1.102.0",
        "@aws-cdk/aws-kinesisfirehose": "1.102.0",
        "@aws-cdk/aws-lambda": "1.102.0",
        "@aws-cdk/aws-logs": "1.102.0",
        "@aws-cdk/aws-sns": "1.102.0",
        "@aws-cdk/aws-sns-subscriptions": "1.102.0",
        "@aws-cdk/aws-sqs": "1.102.0",
        "@aws-cdk/aws-stepfunctions": "1.102.0",
        "@aws-cdk/core": "1.102.0",
        "@aws-cdk/custom-resources": "1.102.0",
        "constructs": "^3.3.69"
      }
    },
    "@aws-cdk/aws-globalaccelerator": {
      "version": "1.102.0",
      "resolved": "https://registry.npmjs.org/@aws-cdk/aws-globalaccelerator/-/aws-globalaccelerator-1.102.0.tgz",
      "integrity": "sha512-59rktAhKsFJzqMVj93sIXcHfOiBiJFAZZD5XjP2rgiNlXfg62VT9Vq31gc+ZWQ/06SNyjxUMywfRCguwlED6KQ==",
      "requires": {
        "@aws-cdk/aws-ec2": "1.102.0",
        "@aws-cdk/core": "1.102.0",
        "@aws-cdk/custom-resources": "1.102.0",
        "constructs": "^3.3.69"
      }
    },
    "@aws-cdk/aws-iam": {
      "version": "1.102.0",
      "resolved": "https://registry.npmjs.org/@aws-cdk/aws-iam/-/aws-iam-1.102.0.tgz",
      "integrity": "sha512-rA+WtNT5g9ad3RZop9H4+bXd8U6LW9vP0P/Ko/zTQKPTRKv0Xm1kKyQtlRaKpj5rRxj4CgwAl7Dhr2ezWLEK6Q==",
      "requires": {
        "@aws-cdk/core": "1.102.0",
        "@aws-cdk/region-info": "1.102.0",
        "constructs": "^3.3.69"
      }
    },
    "@aws-cdk/aws-kinesis": {
      "version": "1.102.0",
      "resolved": "https://registry.npmjs.org/@aws-cdk/aws-kinesis/-/aws-kinesis-1.102.0.tgz",
      "integrity": "sha512-mFFTQN7bLhZ8Wu8F5YZAFFMMHCktiQf7JqAxiWsCoc+WSQZJ00ImjrxUmppuRyIiyC00g+A7bvuqulGp5LwtVw==",
      "requires": {
        "@aws-cdk/aws-iam": "1.102.0",
        "@aws-cdk/aws-kms": "1.102.0",
        "@aws-cdk/aws-logs": "1.102.0",
        "@aws-cdk/core": "1.102.0",
        "constructs": "^3.3.69"
      }
    },
    "@aws-cdk/aws-kinesisfirehose": {
      "version": "1.102.0",
      "resolved": "https://registry.npmjs.org/@aws-cdk/aws-kinesisfirehose/-/aws-kinesisfirehose-1.102.0.tgz",
      "integrity": "sha512-nrVKgjAAkKbl91bH9e28V9oYpO8Yb5jhF7eB9ABURH5DTzzkKocKRROsMI/2zYyeugXXKL7GBpyoqGigumwQfA==",
      "requires": {
        "@aws-cdk/core": "1.102.0",
        "constructs": "^3.3.69"
      }
    },
    "@aws-cdk/aws-kms": {
      "version": "1.102.0",
      "resolved": "https://registry.npmjs.org/@aws-cdk/aws-kms/-/aws-kms-1.102.0.tgz",
      "integrity": "sha512-cTZKN9Uv5bXp7xYmxQveGT/q6ScgWym0J/L6om+GRXHUIM/VWkvBKeiPMLBrLRKS87mH3r+TI3cukhSrTNeRMg==",
      "requires": {
        "@aws-cdk/aws-iam": "1.102.0",
        "@aws-cdk/core": "1.102.0",
        "@aws-cdk/cx-api": "1.102.0",
        "constructs": "^3.3.69"
      }
    },
    "@aws-cdk/aws-lambda": {
      "version": "1.102.0",
      "resolved": "https://registry.npmjs.org/@aws-cdk/aws-lambda/-/aws-lambda-1.102.0.tgz",
      "integrity": "sha512-vDhWuffTX9EFg6gjan14aEl13GuUT8UxxA4tz+tmnRyegow1juiEq+A5tfU7amz9JgXFqQgWOdS+LwWfWq91Hg==",
      "requires": {
        "@aws-cdk/aws-applicationautoscaling": "1.102.0",
        "@aws-cdk/aws-cloudwatch": "1.102.0",
        "@aws-cdk/aws-codeguruprofiler": "1.102.0",
        "@aws-cdk/aws-ec2": "1.102.0",
        "@aws-cdk/aws-ecr": "1.102.0",
        "@aws-cdk/aws-ecr-assets": "1.102.0",
        "@aws-cdk/aws-efs": "1.102.0",
        "@aws-cdk/aws-events": "1.102.0",
        "@aws-cdk/aws-iam": "1.102.0",
        "@aws-cdk/aws-kms": "1.102.0",
        "@aws-cdk/aws-logs": "1.102.0",
        "@aws-cdk/aws-s3": "1.102.0",
        "@aws-cdk/aws-s3-assets": "1.102.0",
        "@aws-cdk/aws-signer": "1.102.0",
        "@aws-cdk/aws-sqs": "1.102.0",
        "@aws-cdk/core": "1.102.0",
        "@aws-cdk/cx-api": "1.102.0",
        "constructs": "^3.3.69"
      }
    },
    "@aws-cdk/aws-logs": {
      "version": "1.102.0",
      "resolved": "https://registry.npmjs.org/@aws-cdk/aws-logs/-/aws-logs-1.102.0.tgz",
      "integrity": "sha512-QCB3R1EIcfrpktzQczoGGBQxfscvhFi72+7lto+Tq7+Vv7MlUGJADAyYOgr/fZNDoFNulfDCL+LOMTWVnvUwQg==",
      "requires": {
        "@aws-cdk/aws-cloudwatch": "1.102.0",
        "@aws-cdk/aws-iam": "1.102.0",
        "@aws-cdk/aws-kms": "1.102.0",
        "@aws-cdk/aws-s3-assets": "1.102.0",
        "@aws-cdk/core": "1.102.0",
        "constructs": "^3.3.69"
      }
    },
    "@aws-cdk/aws-rds": {
      "version": "1.102.0",
      "resolved": "https://registry.npmjs.org/@aws-cdk/aws-rds/-/aws-rds-1.102.0.tgz",
      "integrity": "sha512-GExRlcxxGnOB42DBhnaTw3n/KtCLwTkh3p7dfATfSz5LHM7lDHiq6MOazk/WWcTYslJoAIQtgKlTbVrofU3ghQ==",
      "requires": {
        "@aws-cdk/aws-cloudwatch": "1.102.0",
        "@aws-cdk/aws-ec2": "1.102.0",
        "@aws-cdk/aws-events": "1.102.0",
        "@aws-cdk/aws-iam": "1.102.0",
        "@aws-cdk/aws-kms": "1.102.0",
        "@aws-cdk/aws-logs": "1.102.0",
        "@aws-cdk/aws-s3": "1.102.0",
        "@aws-cdk/aws-secretsmanager": "1.102.0",
        "@aws-cdk/core": "1.102.0",
        "@aws-cdk/cx-api": "1.102.0",
        "constructs": "^3.3.69"
      }
    },
    "@aws-cdk/aws-route53": {
      "version": "1.102.0",
      "resolved": "https://registry.npmjs.org/@aws-cdk/aws-route53/-/aws-route53-1.102.0.tgz",
      "integrity": "sha512-IVDH8SEN5togYoAKp17PggZcmiZkBn0b6ynoxYVDYighudKR5OMz5NiBfBe5pcbnwYEBDRtr/L//N3qL+zGb2w==",
      "requires": {
        "@aws-cdk/aws-ec2": "1.102.0",
        "@aws-cdk/aws-iam": "1.102.0",
        "@aws-cdk/aws-logs": "1.102.0",
        "@aws-cdk/cloud-assembly-schema": "1.102.0",
        "@aws-cdk/core": "1.102.0",
        "@aws-cdk/custom-resources": "1.102.0",
        "constructs": "^3.3.69"
      }
    },
    "@aws-cdk/aws-route53-targets": {
      "version": "1.102.0",
      "resolved": "https://registry.npmjs.org/@aws-cdk/aws-route53-targets/-/aws-route53-targets-1.102.0.tgz",
      "integrity": "sha512-LHFMfDD0xgJHpB6tWvlPK5KA7NDXsrSKQHMnHa3kxq3tJMSFWEP/oXN7ZkhdtNm5NH46svlbC/8UcGYL0Xb7nA==",
      "requires": {
        "@aws-cdk/aws-apigateway": "1.102.0",
        "@aws-cdk/aws-cloudfront": "1.102.0",
        "@aws-cdk/aws-cognito": "1.102.0",
        "@aws-cdk/aws-ec2": "1.102.0",
        "@aws-cdk/aws-elasticloadbalancing": "1.102.0",
        "@aws-cdk/aws-elasticloadbalancingv2": "1.102.0",
        "@aws-cdk/aws-globalaccelerator": "1.102.0",
        "@aws-cdk/aws-iam": "1.102.0",
        "@aws-cdk/aws-route53": "1.102.0",
        "@aws-cdk/aws-s3": "1.102.0",
        "@aws-cdk/core": "1.102.0",
        "@aws-cdk/region-info": "1.102.0",
        "constructs": "^3.3.69"
      }
    },
    "@aws-cdk/aws-s3": {
      "version": "1.102.0",
      "resolved": "https://registry.npmjs.org/@aws-cdk/aws-s3/-/aws-s3-1.102.0.tgz",
      "integrity": "sha512-X5ziLXUl3i9GCLItk77E2j7UXnC08j125FiWwJksmb8cnKUolBzpfV91jTGhenwoho51KAhFgpKsb11fuvBylA==",
      "requires": {
        "@aws-cdk/aws-events": "1.102.0",
        "@aws-cdk/aws-iam": "1.102.0",
        "@aws-cdk/aws-kms": "1.102.0",
        "@aws-cdk/core": "1.102.0",
        "@aws-cdk/cx-api": "1.102.0",
        "constructs": "^3.3.69"
      }
    },
    "@aws-cdk/aws-s3-assets": {
      "version": "1.102.0",
      "resolved": "https://registry.npmjs.org/@aws-cdk/aws-s3-assets/-/aws-s3-assets-1.102.0.tgz",
      "integrity": "sha512-3RW03TqOKIzz6vZ2HgsX7Yo52SWtgZ+OsffXXK99ywM8hBZoDjg3kXtr3xBIWX91HC5tiMAKrkUsh8JoDiSu5g==",
      "requires": {
        "@aws-cdk/assets": "1.102.0",
        "@aws-cdk/aws-iam": "1.102.0",
        "@aws-cdk/aws-kms": "1.102.0",
        "@aws-cdk/aws-s3": "1.102.0",
        "@aws-cdk/core": "1.102.0",
        "@aws-cdk/cx-api": "1.102.0",
        "constructs": "^3.3.69"
      }
    },
    "@aws-cdk/aws-sam": {
      "version": "1.102.0",
      "resolved": "https://registry.npmjs.org/@aws-cdk/aws-sam/-/aws-sam-1.102.0.tgz",
      "integrity": "sha512-B5FPJCPvwGsB/0F+Iqdl5aZEmaGjN/KWrfCjOyNVG9BxQRYuC2i9jMbFsC6Fqco9Wk2D3dmgGW/AdRDtpZt5fQ==",
      "requires": {
        "@aws-cdk/core": "1.102.0",
        "constructs": "^3.3.69"
      }
    },
    "@aws-cdk/aws-secretsmanager": {
      "version": "1.102.0",
      "resolved": "https://registry.npmjs.org/@aws-cdk/aws-secretsmanager/-/aws-secretsmanager-1.102.0.tgz",
      "integrity": "sha512-m52PWhPUNCen/4F6UH9Q1F1wyDCkSXeFyfJsveTmJ4UFX95PW5ERfQazLH7N29nzSQzFSMouHL1CpfdutwtK7Q==",
      "requires": {
        "@aws-cdk/aws-ec2": "1.102.0",
        "@aws-cdk/aws-iam": "1.102.0",
        "@aws-cdk/aws-kms": "1.102.0",
        "@aws-cdk/aws-lambda": "1.102.0",
        "@aws-cdk/aws-sam": "1.102.0",
        "@aws-cdk/core": "1.102.0",
        "@aws-cdk/cx-api": "1.102.0",
        "constructs": "^3.3.69"
      }
    },
    "@aws-cdk/aws-servicediscovery": {
      "version": "1.102.0",
      "resolved": "https://registry.npmjs.org/@aws-cdk/aws-servicediscovery/-/aws-servicediscovery-1.102.0.tgz",
      "integrity": "sha512-lhW7I2tn5wuNBbHYEUnSJDeNxhA3z6CgHVy06m36kTLXCrFVrekYaKavKtZJdVeFrNoywKg7b7yN8J3kPfOyDQ==",
      "requires": {
        "@aws-cdk/aws-ec2": "1.102.0",
        "@aws-cdk/aws-elasticloadbalancingv2": "1.102.0",
        "@aws-cdk/aws-route53": "1.102.0",
        "@aws-cdk/core": "1.102.0",
        "constructs": "^3.3.69"
      }
    },
    "@aws-cdk/aws-signer": {
      "version": "1.102.0",
      "resolved": "https://registry.npmjs.org/@aws-cdk/aws-signer/-/aws-signer-1.102.0.tgz",
      "integrity": "sha512-gTL8a2Y9pc5Ley8DQaOrMLn9wx1k8TO0oeNPo85xXZpUXsAoR6uah45il0qQZ1kKG2tyWUAizYENrDMY+eu+KQ==",
      "requires": {
        "@aws-cdk/core": "1.102.0",
        "constructs": "^3.3.69"
      }
    },
    "@aws-cdk/aws-sns": {
      "version": "1.102.0",
      "resolved": "https://registry.npmjs.org/@aws-cdk/aws-sns/-/aws-sns-1.102.0.tgz",
      "integrity": "sha512-Hk9QfOBWqE8Pzn4+nr/ZsTR46Z0UF99pg7Vg9oA0a0odWhyXa6sm6uikJgDoAYOScA8HUYubnBufCcRzFhvjjQ==",
      "requires": {
        "@aws-cdk/aws-cloudwatch": "1.102.0",
        "@aws-cdk/aws-events": "1.102.0",
        "@aws-cdk/aws-iam": "1.102.0",
        "@aws-cdk/aws-kms": "1.102.0",
        "@aws-cdk/aws-sqs": "1.102.0",
        "@aws-cdk/core": "1.102.0",
        "constructs": "^3.3.69"
      }
    },
    "@aws-cdk/aws-sns-subscriptions": {
      "version": "1.102.0",
      "resolved": "https://registry.npmjs.org/@aws-cdk/aws-sns-subscriptions/-/aws-sns-subscriptions-1.102.0.tgz",
      "integrity": "sha512-5wzZwH3huonLMV/LnsMdzOHRlvjf7EnZWuuWFZ3cMgXKtTaxmZBrYiULOni6u/7xvUIM31dh/DW+GqZX8u/4uQ==",
      "requires": {
        "@aws-cdk/aws-iam": "1.102.0",
        "@aws-cdk/aws-lambda": "1.102.0",
        "@aws-cdk/aws-sns": "1.102.0",
        "@aws-cdk/aws-sqs": "1.102.0",
        "@aws-cdk/core": "1.102.0",
        "constructs": "^3.3.69"
      }
    },
    "@aws-cdk/aws-sqs": {
      "version": "1.102.0",
      "resolved": "https://registry.npmjs.org/@aws-cdk/aws-sqs/-/aws-sqs-1.102.0.tgz",
      "integrity": "sha512-1S2uBoJyO5KyuDMq3BNtAcl5GHwKatpDVBcXKmkDU9+RvU+trLfX8SWzLZVbocg3xTE5zQkagykCrMnwZy2VpA==",
      "requires": {
        "@aws-cdk/aws-cloudwatch": "1.102.0",
        "@aws-cdk/aws-iam": "1.102.0",
        "@aws-cdk/aws-kms": "1.102.0",
        "@aws-cdk/core": "1.102.0",
        "constructs": "^3.3.69"
      }
    },
    "@aws-cdk/aws-ssm": {
      "version": "1.102.0",
      "resolved": "https://registry.npmjs.org/@aws-cdk/aws-ssm/-/aws-ssm-1.102.0.tgz",
      "integrity": "sha512-tgYYYMrk6oCditiCHvB401jv6508mv/zhZDNAHh3VfE+/FpbgdtJhiLpPu6+jitRSWMeg5ZPfUCSyaiojVvX+Q==",
      "requires": {
        "@aws-cdk/aws-iam": "1.102.0",
        "@aws-cdk/aws-kms": "1.102.0",
        "@aws-cdk/cloud-assembly-schema": "1.102.0",
        "@aws-cdk/core": "1.102.0",
        "constructs": "^3.3.69"
      }
    },
    "@aws-cdk/aws-stepfunctions": {
      "version": "1.102.0",
      "resolved": "https://registry.npmjs.org/@aws-cdk/aws-stepfunctions/-/aws-stepfunctions-1.102.0.tgz",
      "integrity": "sha512-WenV37MAr2/4W2sGBrhKeIySAuJDe5E27f0SsI+bL5/VgZQWqItsxkMmR19hy+Ft637A3ATfzuIHIL9yaG9+7w==",
      "requires": {
        "@aws-cdk/aws-cloudwatch": "1.102.0",
        "@aws-cdk/aws-events": "1.102.0",
        "@aws-cdk/aws-iam": "1.102.0",
        "@aws-cdk/aws-logs": "1.102.0",
        "@aws-cdk/aws-s3": "1.102.0",
        "@aws-cdk/core": "1.102.0",
        "constructs": "^3.3.69"
      }
    },
    "@aws-cdk/aws-wafv2": {
      "version": "1.102.0",
      "resolved": "https://registry.npmjs.org/@aws-cdk/aws-wafv2/-/aws-wafv2-1.102.0.tgz",
      "integrity": "sha512-WakkPUAgFdU0lLNTyQF0O6tpkymAyrKduzFrTBG47u5ozFQ8NxfBYZ85tt93eKu0rs48yHJoRa7zXXkpGTLTxA==",
      "requires": {
        "@aws-cdk/core": "1.102.0",
        "constructs": "^3.3.69"
      }
    },
    "@aws-cdk/cfnspec": {
      "version": "1.102.0",
      "resolved": "https://registry.npmjs.org/@aws-cdk/cfnspec/-/cfnspec-1.102.0.tgz",
      "integrity": "sha512-ANISPQax3v00vzApzc5PRsTJJPlajPU7h5yXclxu8WN8/wgSiJYbZOPhhsumAROM10Ck8oDTc6SOd+8EXpfhtQ==",
      "dev": true,
      "requires": {
        "md5": "^2.3.0"
      }
    },
    "@aws-cdk/cloud-assembly-schema": {
      "version": "1.102.0",
      "resolved": "https://registry.npmjs.org/@aws-cdk/cloud-assembly-schema/-/cloud-assembly-schema-1.102.0.tgz",
      "integrity": "sha512-fOHjBc5/vp+rEPEXAZXuexU6emMan30dPWfecTLPE4pXa1bEWgiV9FtPCFAlRfNPXyWr4pBoD97Dy7daK1KC+w==",
      "requires": {
        "jsonschema": "^1.4.0",
        "semver": "^7.3.5"
      },
      "dependencies": {
        "jsonschema": {
          "version": "1.4.0",
          "bundled": true
        },
        "lru-cache": {
          "version": "6.0.0",
          "bundled": true,
          "requires": {
            "yallist": "^4.0.0"
          }
        },
        "semver": {
          "version": "7.3.5",
          "bundled": true,
          "requires": {
            "lru-cache": "^6.0.0"
          }
        },
        "yallist": {
          "version": "4.0.0",
          "bundled": true
        }
      }
    },
    "@aws-cdk/cloudformation-diff": {
      "version": "1.102.0",
      "resolved": "https://registry.npmjs.org/@aws-cdk/cloudformation-diff/-/cloudformation-diff-1.102.0.tgz",
      "integrity": "sha512-bdvlN+FFYHinZ6BJfOsNWmoHkdduEZQkw4cD76cCUNGULxJOKIjEdlghNoNtoeUKSZMgW7eenfgHImA1YHJrrQ==",
      "dev": true,
      "requires": {
        "@aws-cdk/cfnspec": "1.102.0",
        "colors": "^1.4.0",
        "diff": "^5.0.0",
        "fast-deep-equal": "^3.1.3",
        "string-width": "^4.2.2",
        "table": "^6.3.0"
      }
    },
    "@aws-cdk/core": {
      "version": "1.102.0",
      "resolved": "https://registry.npmjs.org/@aws-cdk/core/-/core-1.102.0.tgz",
      "integrity": "sha512-r4YHNTivzZ4xYSqQuH+FnDjU22fbJtSXyC8thDXy+oGXJfxJPZ3zQQM2oapLimpB1WokjFQdm7mHsIGulq/gFg==",
      "requires": {
        "@aws-cdk/cloud-assembly-schema": "1.102.0",
        "@aws-cdk/cx-api": "1.102.0",
        "@aws-cdk/region-info": "1.102.0",
        "@balena/dockerignore": "^1.0.2",
        "constructs": "^3.3.69",
        "fs-extra": "^9.1.0",
        "ignore": "^5.1.8",
        "minimatch": "^3.0.4"
      },
      "dependencies": {
        "@balena/dockerignore": {
          "version": "1.0.2",
          "bundled": true
        },
        "at-least-node": {
          "version": "1.0.0",
          "bundled": true
        },
        "balanced-match": {
          "version": "1.0.0",
          "bundled": true
        },
        "brace-expansion": {
          "version": "1.1.11",
          "bundled": true,
          "requires": {
            "balanced-match": "^1.0.0",
            "concat-map": "0.0.1"
          }
        },
        "concat-map": {
          "version": "0.0.1",
          "bundled": true
        },
        "fs-extra": {
          "version": "9.1.0",
          "bundled": true,
          "requires": {
            "at-least-node": "^1.0.0",
            "graceful-fs": "^4.2.0",
            "jsonfile": "^6.0.1",
            "universalify": "^2.0.0"
          }
        },
        "graceful-fs": {
          "version": "4.2.6",
          "bundled": true
        },
        "ignore": {
          "version": "5.1.8",
          "bundled": true
        },
        "jsonfile": {
          "version": "6.1.0",
          "bundled": true,
          "requires": {
            "graceful-fs": "^4.1.6",
            "universalify": "^2.0.0"
          }
        },
        "minimatch": {
          "version": "3.0.4",
          "bundled": true,
          "requires": {
            "brace-expansion": "^1.1.7"
          }
        },
        "universalify": {
          "version": "2.0.0",
          "bundled": true
        }
      }
    },
    "@aws-cdk/custom-resources": {
      "version": "1.102.0",
      "resolved": "https://registry.npmjs.org/@aws-cdk/custom-resources/-/custom-resources-1.102.0.tgz",
      "integrity": "sha512-8SVBJU6/SiNXXK3RaPMH1ex3u4ZJG/kn6sLb0TI1+o5f6aOlGivA2akMmj3zHBjant62cjZxMVER1sfhZVTq6g==",
      "requires": {
        "@aws-cdk/aws-cloudformation": "1.102.0",
        "@aws-cdk/aws-ec2": "1.102.0",
        "@aws-cdk/aws-iam": "1.102.0",
        "@aws-cdk/aws-lambda": "1.102.0",
        "@aws-cdk/aws-logs": "1.102.0",
        "@aws-cdk/aws-sns": "1.102.0",
        "@aws-cdk/core": "1.102.0",
        "constructs": "^3.3.69"
      }
    },
    "@aws-cdk/cx-api": {
      "version": "1.102.0",
      "resolved": "https://registry.npmjs.org/@aws-cdk/cx-api/-/cx-api-1.102.0.tgz",
      "integrity": "sha512-OFpSFYaTsUKdDS7KejOzeHEGzh2fMpPFps8nnZNMaP6LEdNdEkH1xvD6/VRvReQRQB3t5tgNb0pJiRUvMbVgSQ==",
      "requires": {
        "@aws-cdk/cloud-assembly-schema": "1.102.0",
        "semver": "^7.3.5"
      },
      "dependencies": {
        "lru-cache": {
          "version": "6.0.0",
          "bundled": true,
          "requires": {
            "yallist": "^4.0.0"
          }
        },
        "semver": {
          "version": "7.3.5",
          "bundled": true,
          "requires": {
            "lru-cache": "^6.0.0"
          }
        },
        "yallist": {
          "version": "4.0.0",
          "bundled": true
        }
      }
    },
    "@aws-cdk/region-info": {
      "version": "1.102.0",
      "resolved": "https://registry.npmjs.org/@aws-cdk/region-info/-/region-info-1.102.0.tgz",
      "integrity": "sha512-zPL04Kx3Vxkb33hRONHeiRCZwX9ko7FVBUDSl7FM1m2XnAz1EgyldhwDe9ndHp4b8YCscUUR201OLxPJP+5qTg=="
    },
    "@types/node": {
      "version": "12.12.11",
      "resolved": "https://registry.npmjs.org/@types/node/-/node-12.12.11.tgz",
      "integrity": "sha512-O+x6uIpa6oMNTkPuHDa9MhMMehlxLAd5QcOvKRjAFsBVpeFWTOPnXbDvILvFgFFZfQ1xh1EZi1FbXxUix+zpsQ==",
      "dev": true
    },
    "ajv": {
      "version": "8.2.0",
      "resolved": "https://registry.npmjs.org/ajv/-/ajv-8.2.0.tgz",
      "integrity": "sha512-WSNGFuyWd//XO8n/m/EaOlNLtO0yL8EXT/74LqT4khdhpZjP7lkj/kT5uwRmGitKEVp/Oj7ZUHeGfPtgHhQ5CA==",
      "dev": true,
      "requires": {
        "fast-deep-equal": "^3.1.1",
        "json-schema-traverse": "^1.0.0",
        "require-from-string": "^2.0.2",
        "uri-js": "^4.2.2"
      }
    },
    "ansi-regex": {
      "version": "5.0.0",
      "resolved": "https://registry.npmjs.org/ansi-regex/-/ansi-regex-5.0.0.tgz",
      "integrity": "sha512-bY6fj56OUQ0hU1KjFNDQuJFezqKdrAyFdIevADiqrWHwSlbmBNMHp5ak2f40Pm8JTFyM2mqxkG6ngkHO11f/lg==",
      "dev": true
    },
    "ansi-styles": {
      "version": "4.3.0",
      "resolved": "https://registry.npmjs.org/ansi-styles/-/ansi-styles-4.3.0.tgz",
      "integrity": "sha512-zbB9rCJAT1rbjiVDb2hqKFHNYLxgtk8NURxZ3IZwD3F6NtxbXZQCnnSi1Lkx+IDohdPlFp222wVALIheZJQSEg==",
      "dev": true,
      "requires": {
        "color-convert": "^2.0.1"
      }
    },
    "arg": {
      "version": "4.1.3",
      "resolved": "https://registry.npmjs.org/arg/-/arg-4.1.3.tgz",
      "integrity": "sha512-58S9QDqG0Xx27YwPSt9fJxivjYl432YCwfDMfZ+71RAqUrZef7LrKQZ3LHLOwCS4FLNBplP533Zx895SeOCHvA==",
      "dev": true
    },
    "astral-regex": {
      "version": "2.0.0",
      "resolved": "https://registry.npmjs.org/astral-regex/-/astral-regex-2.0.0.tgz",
      "integrity": "sha512-Z7tMw1ytTXt5jqMcOP+OQteU1VuNK9Y02uuJtKQ1Sv69jXQKKg5cibLwGJow8yzZP+eAc18EmLGPal0bp36rvQ==",
      "dev": true
    },
    "aws-cdk": {
      "version": "1.200.0",
      "resolved": "https://registry.npmjs.org/aws-cdk/-/aws-cdk-1.200.0.tgz",
      "integrity": "sha512-aL95ocoHfBpLtqDm7+hadOPGHh2h8kcYrIyk0tg1VMvEtuTkASr77+Tz5ly13blzf8XHyvHkX9IXQzT45M96HQ==",
      "dev": true,
      "requires": {
        "fsevents": "2.3.2"
      }
    },
    "buffer-from": {
      "version": "1.1.1",
      "resolved": "https://registry.npmjs.org/buffer-from/-/buffer-from-1.1.1.tgz",
      "integrity": "sha512-MQcXEUbCKtEo7bhqEs6560Hyd4XaovZlO/k9V3hjVUF/zwW7KBVdSK4gIt/bzwS9MbR5qob+F5jusZsb0YQK2A=="
    },
    "charenc": {
      "version": "0.0.2",
      "resolved": "https://registry.npmjs.org/charenc/-/charenc-0.0.2.tgz",
      "integrity": "sha1-wKHS86cJLgN3S/qD8UwPxXkKhmc=",
      "dev": true
    },
    "color-convert": {
      "version": "2.0.1",
      "resolved": "https://registry.npmjs.org/color-convert/-/color-convert-2.0.1.tgz",
      "integrity": "sha512-RRECPsj7iu/xb5oKYcsFHSppFNnsj/52OVTRKb4zP5onXwVF3zVmmToNcOfGC+CRDpfK/U584fMg38ZHCaElKQ==",
      "dev": true,
      "requires": {
        "color-name": "~1.1.4"
      }
    },
    "color-name": {
      "version": "1.1.4",
      "resolved": "https://registry.npmjs.org/color-name/-/color-name-1.1.4.tgz",
      "integrity": "sha512-dOy+3AuW3a2wNbZHIuMZpTcgjGuLU/uBL/ubcZF9OXbDo8ff4O8yVp5Bf0efS8uEoYo5q4Fx7dY9OgQGXgAsQA==",
      "dev": true
    },
    "colors": {
      "version": "1.4.0",
      "resolved": "https://registry.npmjs.org/colors/-/colors-1.4.0.tgz",
      "integrity": "sha512-a+UqTh4kgZg/SlGvfbzDHpgRu7AAQOmmqRHJnxhRZICKFUT91brVhNNt58CMWU9PsBbv3PDCZUHbVxuDiH2mtA==",
      "dev": true
    },
    "constructs": {
      "version": "3.3.75",
      "resolved": "https://registry.npmjs.org/constructs/-/constructs-3.3.75.tgz",
      "integrity": "sha512-q10foASSSfDWmS99OQLfnWDXCzqLvoORISAVWPFg0AmIGlBv2ZdDOtXxLqrJARPxVlOldmW2JzWzdRI+4+0/ZA=="
    },
    "create-require": {
      "version": "1.1.1",
      "resolved": "https://registry.npmjs.org/create-require/-/create-require-1.1.1.tgz",
      "integrity": "sha512-dcKFX3jn0MpIaXjisoRvexIJVEKzaq7z2rZKxf+MSr9TkdmHmsU4m2lcLojrj/FHl8mk5VxMmYA+ftRkP/3oKQ==",
      "dev": true
    },
    "crypt": {
      "version": "0.0.2",
      "resolved": "https://registry.npmjs.org/crypt/-/crypt-0.0.2.tgz",
      "integrity": "sha1-iNf/fsDfuG9xPch7u0LQRNPmxBs=",
      "dev": true
    },
    "diff": {
      "version": "5.0.0",
      "resolved": "https://registry.npmjs.org/diff/-/diff-5.0.0.tgz",
      "integrity": "sha512-/VTCrvm5Z0JGty/BWHljh+BAiw3IK+2j87NGMu8Nwc/f48WoDAC395uomO9ZD117ZOBaHmkX1oyLvkVM/aIT3w==",
      "dev": true
    },
    "emoji-regex": {
      "version": "8.0.0",
      "resolved": "https://registry.npmjs.org/emoji-regex/-/emoji-regex-8.0.0.tgz",
      "integrity": "sha512-MSjYzcWNOA0ewAHpz0MxpYFvwg6yjy1NG3xteoqz644VCo/RPgnr1/GGt+ic3iJTzQ8Eu3TdM14SawnVUmGE6A==",
      "dev": true
    },
    "fast-deep-equal": {
      "version": "3.1.3",
      "resolved": "https://registry.npmjs.org/fast-deep-equal/-/fast-deep-equal-3.1.3.tgz",
      "integrity": "sha512-f3qQ9oQy9j2AhBe/H9VC91wLmKBCCU/gDOnKNAYG5hswO7BLKj09Hc5HYNz9cGI++xlpDCIgDaitVs03ATR84Q==",
      "dev": true
    },
    "fsevents": {
      "version": "2.3.2",
      "resolved": "https://registry.npmjs.org/fsevents/-/fsevents-2.3.2.tgz",
      "integrity": "sha512-xiqMQR4xAeHTuB9uWm+fFRcIOgKBMiOBP+eXiyT7jsgVCq1bkVygt00oASowB7EdtpOHaaPgKt812P9ab+DDKA==",
      "dev": true,
      "optional": true
    },
    "is-buffer": {
      "version": "1.1.6",
      "resolved": "https://registry.npmjs.org/is-buffer/-/is-buffer-1.1.6.tgz",
      "integrity": "sha512-NcdALwpXkTm5Zvvbk7owOUSvVvBKDgKP5/ewfXEznmQFfs4ZRmanOeKBTjRVjka3QFoN6XJ+9F3USqfHqTaU5w==",
      "dev": true
    },
    "is-fullwidth-code-point": {
      "version": "3.0.0",
      "resolved": "https://registry.npmjs.org/is-fullwidth-code-point/-/is-fullwidth-code-point-3.0.0.tgz",
      "integrity": "sha512-zymm5+u+sCsSWyD9qNaejV3DFvhCKclKdizYaJUuHA83RLjb7nSuGnddCHGv0hk+KY7BMAlsWeK4Ueg6EV6XQg==",
      "dev": true
    },
    "json-schema-traverse": {
      "version": "1.0.0",
      "resolved": "https://registry.npmjs.org/json-schema-traverse/-/json-schema-traverse-1.0.0.tgz",
      "integrity": "sha512-NM8/P9n3XjXhIZn1lLhkFaACTOURQXjWhV4BA/RnOv8xvgqtqpAX9IO4mRQxSx1Rlo4tqzeqb0sOlruaOy3dug==",
      "dev": true
    },
    "lodash.clonedeep": {
      "version": "4.5.0",
      "resolved": "https://registry.npmjs.org/lodash.clonedeep/-/lodash.clonedeep-4.5.0.tgz",
      "integrity": "sha1-4j8/nE+Pvd6HJSnBBxhXoIblzO8=",
      "dev": true
    },
    "lodash.flatten": {
      "version": "4.4.0",
      "resolved": "https://registry.npmjs.org/lodash.flatten/-/lodash.flatten-4.4.0.tgz",
      "integrity": "sha1-8xwiIlqWMtK7+OSt2+8kCqdlph8=",
      "dev": true
    },
    "lodash.truncate": {
      "version": "4.4.2",
      "resolved": "https://registry.npmjs.org/lodash.truncate/-/lodash.truncate-4.4.2.tgz",
      "integrity": "sha1-WjUNoLERO4N+z//VgSy+WNbq4ZM=",
      "dev": true
    },
    "make-error": {
      "version": "1.3.6",
      "resolved": "https://registry.npmjs.org/make-error/-/make-error-1.3.6.tgz",
      "integrity": "sha512-s8UhlNe7vPKomQhC1qFelMokr/Sc3AgNbso3n74mVPA5LTZwkB9NlXf4XPamLxJE8h0gh73rM94xvwRT2CVInw==",
      "dev": true
    },
    "md5": {
      "version": "2.3.0",
      "resolved": "https://registry.npmjs.org/md5/-/md5-2.3.0.tgz",
      "integrity": "sha512-T1GITYmFaKuO91vxyoQMFETst+O71VUPEU3ze5GNzDm0OWdP8v1ziTaAEPUr/3kLsY3Sftgz242A1SetQiDL7g==",
      "dev": true,
      "requires": {
        "charenc": "0.0.2",
        "crypt": "0.0.2",
        "is-buffer": "~1.1.6"
      }
    },
    "punycode": {
      "version": "2.1.1",
      "resolved": "https://registry.npmjs.org/punycode/-/punycode-2.1.1.tgz",
      "integrity": "sha512-XRsRjdf+j5ml+y/6GKHPZbrF/8p2Yga0JPtdqTIY2Xe5ohJPD9saDJJLPvp9+NSBprVvevdXZybnj2cv8OEd0A==",
      "dev": true
    },
    "require-from-string": {
      "version": "2.0.2",
      "resolved": "https://registry.npmjs.org/require-from-string/-/require-from-string-2.0.2.tgz",
      "integrity": "sha512-Xf0nWe6RseziFMu+Ap9biiUbmplq6S9/p+7w7YXP/JBHhrUDDUhwa+vANyubuqfZWTveU//DYVGsDG7RKL/vEw==",
      "dev": true
    },
    "slice-ansi": {
      "version": "4.0.0",
      "resolved": "https://registry.npmjs.org/slice-ansi/-/slice-ansi-4.0.0.tgz",
      "integrity": "sha512-qMCMfhY040cVHT43K9BFygqYbUPFZKHOg7K73mtTWJRb8pyP3fzf4Ixd5SzdEJQ6MRUg/WBnOLxghZtKKurENQ==",
      "dev": true,
      "requires": {
        "ansi-styles": "^4.0.0",
        "astral-regex": "^2.0.0",
        "is-fullwidth-code-point": "^3.0.0"
      }
    },
    "source-map": {
      "version": "0.6.1",
      "resolved": "https://registry.npmjs.org/source-map/-/source-map-0.6.1.tgz",
      "integrity": "sha512-UjgapumWlbMhkBgzT7Ykc5YXUT46F0iKu8SGXq0bcwP5dz/h0Plj6enJqjz1Zbq2l5WaqYnrVbwWOWMyF3F47g=="
    },
    "source-map-support": {
      "version": "0.5.19",
      "resolved": "https://registry.npmjs.org/source-map-support/-/source-map-support-0.5.19.tgz",
      "integrity": "sha512-Wonm7zOCIJzBGQdB+thsPar0kYuCIzYvxZwlBa87yi/Mdjv7Tip2cyVbLj5o0cFPN4EVkuTwb3GDDyUx2DGnGw==",
      "requires": {
        "buffer-from": "^1.0.0",
        "source-map": "^0.6.0"
      }
    },
    "string-width": {
      "version": "4.2.2",
      "resolved": "https://registry.npmjs.org/string-width/-/string-width-4.2.2.tgz",
      "integrity": "sha512-XBJbT3N4JhVumXE0eoLU9DCjcaF92KLNqTmFCnG1pf8duUxFGwtP6AD6nkjw9a3IdiRtL3E2w3JDiE/xi3vOeA==",
      "dev": true,
      "requires": {
        "emoji-regex": "^8.0.0",
        "is-fullwidth-code-point": "^3.0.0",
        "strip-ansi": "^6.0.0"
      }
    },
    "strip-ansi": {
      "version": "6.0.0",
      "resolved": "https://registry.npmjs.org/strip-ansi/-/strip-ansi-6.0.0.tgz",
      "integrity": "sha512-AuvKTrTfQNYNIctbR1K/YGTR1756GycPsg7b9bdV9Duqur4gv6aKqHXah67Z8ImS7WEz5QVcOtlfW2rZEugt6w==",
      "dev": true,
      "requires": {
        "ansi-regex": "^5.0.0"
      }
    },
    "table": {
      "version": "6.6.0",
      "resolved": "https://registry.npmjs.org/table/-/table-6.6.0.tgz",
      "integrity": "sha512-iZMtp5tUvcnAdtHpZTWLPF0M7AgiQsURR2DwmxnJwSy8I3+cY+ozzVvYha3BOLG2TB+L0CqjIz+91htuj6yCXg==",
      "dev": true,
      "requires": {
        "ajv": "^8.0.1",
        "lodash.clonedeep": "^4.5.0",
        "lodash.flatten": "^4.4.0",
        "lodash.truncate": "^4.4.2",
        "slice-ansi": "^4.0.0",
        "string-width": "^4.2.0",
        "strip-ansi": "^6.0.0"
      }
    },
    "ts-node": {
      "version": "9.1.1",
      "resolved": "https://registry.npmjs.org/ts-node/-/ts-node-9.1.1.tgz",
      "integrity": "sha512-hPlt7ZACERQGf03M253ytLY3dHbGNGrAq9qIHWUY9XHYl1z7wYngSr3OQ5xmui8o2AaxsONxIzjafLUiWBo1Fg==",
      "dev": true,
      "requires": {
        "arg": "^4.1.0",
        "create-require": "^1.1.0",
        "diff": "^4.0.1",
        "make-error": "^1.1.1",
        "source-map-support": "^0.5.17",
        "yn": "3.1.1"
      },
      "dependencies": {
        "diff": {
          "version": "4.0.2",
          "resolved": "https://registry.npmjs.org/diff/-/diff-4.0.2.tgz",
          "integrity": "sha512-58lmxKSA4BNyLz+HHMUzlOEpg09FV+ev6ZMe3vJihgdxzgcwZ8VoEEPmALCZG9LmqfVoNMMKpttIYTVG6uDY7A==",
          "dev": true
        }
      }
    },
    "typescript": {
      "version": "3.9.9",
      "resolved": "https://registry.npmjs.org/typescript/-/typescript-3.9.9.tgz",
      "integrity": "sha512-kdMjTiekY+z/ubJCATUPlRDl39vXYiMV9iyeMuEuXZh2we6zz80uovNN2WlAxmmdE/Z/YQe+EbOEXB5RHEED3w==",
      "dev": true
    },
    "uri-js": {
      "version": "4.4.1",
      "resolved": "https://registry.npmjs.org/uri-js/-/uri-js-4.4.1.tgz",
      "integrity": "sha512-7rKUyy33Q1yc98pQ1DAmLtwX109F7TIfWlW1Ydo8Wl1ii1SeHieeh0HHfPeL2fMXK6z0s8ecKs9frCuLJvndBg==",
      "dev": true,
      "requires": {
        "punycode": "^2.1.0"
      }
    },
    "yn": {
      "version": "3.1.1",
      "resolved": "https://registry.npmjs.org/yn/-/yn-3.1.1.tgz",
      "integrity": "sha512-Ux4ygGWsu2c7isFWe8Yu1YluJmqVhxqK2cLXNQA5AcC3QfbGNpM7fu0Y8b/z16pXLnFxZYvWhd3fhBY9DLmC6Q==",
      "dev": true
    }
  }
}
